<?xml version="1.0" encoding="utf-8"?>
<Project ToolsVersion="4.0" xmlns="http://schemas.microsoft.com/developer/msbuild/2003">
  <ItemGroup>
    <Filter Include="Source Files">
      <UniqueIdentifier>{4FC737F1-C7A5-4376-A066-2A32D752A2FF}</UniqueIdentifier>
      <Extensions>cpp;c;cc;cxx;def;odl;idl;hpj;bat;asm;asmx</Extensions>
    </Filter>
    <Filter Include="Header Files">
      <UniqueIdentifier>{93995380-89BD-4b04-88EB-625FBE52EBFB}</UniqueIdentifier>
      <Extensions>h;hh;hpp;hxx;hm;inl;inc;ipp;xsd</Extensions>
    </Filter>
    <Filter Include="Resource Files">
      <UniqueIdentifier>{67DA6AB6-F800-4c08-8B7A-83BB121AAD01}</UniqueIdentifier>
      <Extensions>rc;ico;cur;bmp;dlg;rc2;rct;bin;rgs;gif;jpg;jpeg;jpe;resx;tiff;tif;png;wav;mfcribbon-ms</Extensions>
    </Filter>
    <Filter Include="Header Files\Core">
      <UniqueIdentifier>{c46dd027-0add-41e0-a13d-da25efdeb87c}</UniqueIdentifier>
    </Filter>
    <Filter Include="Header Files\Utilities">
      <UniqueIdentifier>{ef9c6882-8e0c-401c-a549-922534a6b457}</UniqueIdentifier>
    </Filter>
    <Filter Include="Header Files\Engine">
      <UniqueIdentifier>{683bc4a6-fcb4-4bb9-a4f4-7b8365b5c18a}</UniqueIdentifier>
    </Filter>
    <Filter Include="Header Files\Core\Python">
      <UniqueIdentifier>{174870ac-051f-4a35-a4c4-298be2c0586b}</UniqueIdentifier>
    </Filter>
    <Filter Include="Header Files\Engine\Classes">
      <UniqueIdentifier>{404a4739-ce6e-4711-9324-f966886f0786}</UniqueIdentifier>
    </Filter>
  </ItemGroup>
  <ItemGroup>
    <ClCompile Include="main.cpp">
      <Filter>Source Files</Filter>
    </ClCompile>
  </ItemGroup>
  <ItemGroup>
    <ClInclude Include="Core\core.h">
      <Filter>Header Files\Core</Filter>
    </ClInclude>
    <ClInclude Include="Utilities\macros.h">
      <Filter>Header Files\Utilities</Filter>
    </ClInclude>
    <ClInclude Include="Utilities\memory.h">
      <Filter>Header Files\Utilities</Filter>
    </ClInclude>
    <ClInclude Include="Utilities\xorstr.h">
      <Filter>Header Files\Utilities</Filter>
    </ClInclude>
    <ClInclude Include="Core\Python\communication.h">
      <Filter>Header Files\Core\Python</Filter>
    </ClInclude>
    <ClInclude Include="Engine\engine.h">
      <Filter>Header Files\Engine</Filter>
    </ClInclude>
    <ClInclude Include="Engine\addresses.h">
      <Filter>Header Files\Engine</Filter>
    </ClInclude>
    <ClInclude Include="Engine\Classes\console.h">
      <Filter>Header Files\Engine\Classes</Filter>
    </ClInclude>
    <ClInclude Include="Engine\Classes\syscall.h">
      <Filter>Header Files\Engine\Classes</Filter>
    </ClInclude>
  </ItemGroup>
</Project>